
Microsoft Visual Studio Solution File, Format Version 12.00
# Visual Studio Version 17
VisualStudioVersion = 17.10.35122.118
MinimumVisualStudioVersion = 10.0.40219.1
Project("{FAE04EC0-301F-11D3-BF4B-00C04F79EFBC}") = "CarApplication", "CarApplication\CarApplication.csproj", "{C3F1CDC1-5F4B-441F-9765-24201A8FEF77}"
EndProject
Global
	GlobalSection(SolutionConfigurationPlatforms) = preSolution
		Debug|Any CPU = Debug|Any CPU
		Release|Any CPU = Release|Any CPU
	EndGlobalSection
	GlobalSection(ProjectConfigurationPlatforms) = postSolution
		{C3F1CDC1-5F4B-441F-9765-24201A8FEF77}.Debug|Any CPU.ActiveCfg = Debug|Any CPU
		{C3F1CDC1-5F4B-441F-9765-24201A8FEF77}.Debug|Any CPU.Build.0 = Debug|Any CPU
		{C3F1CDC1-5F4B-441F-9765-24201A8FEF77}.Release|Any CPU.ActiveCfg = Release|Any CPU
		{C3F1CDC1-5F4B-441F-9765-24201A8FEF77}.Release|Any CPU.Build.0 = Release|Any CPU
	EndGlobalSection
	GlobalSection(SolutionProperties) = preSolution
		HideSolutionNode = FALSE
	EndGlobalSection
	GlobalSection(ExtensibilityGlobals) = postSolution
		SolutionGuid = {5309398C-8449-4192-901A-7F30FAF9FBE5}
	EndGlobalSection
EndGlobal
